
Microsoft Visual Studio Solution File, Format Version 12.00
# Visual Studio Version 16
VisualStudioVersion = 16.0.30523.141
MinimumVisualStudioVersion = 10.0.40219.1
Project("{FAE04EC0-301F-11D3-BF4B-00C04F79EFBC}") = "BloggingApp", "BloggingApp\BloggingApp.csproj", "{C1F26CEB-A029-4196-8EA0-7CC23B8C49A5}"
EndProject
Global
	GlobalSection(SolutionConfigurationPlatforms) = preSolution
		Debug|Any CPU = Debug|Any CPU
		Release|Any CPU = Release|Any CPU
	EndGlobalSection
	GlobalSection(ProjectConfigurationPlatforms) = postSolution
		{C1F26CEB-A029-4196-8EA0-7CC23B8C49A5}.Debug|Any CPU.ActiveCfg = Debug|Any CPU
		{C1F26CEB-A029-4196-8EA0-7CC23B8C49A5}.Debug|Any CPU.Build.0 = Debug|Any CPU
		{C1F26CEB-A029-4196-8EA0-7CC23B8C49A5}.Release|Any CPU.ActiveCfg = Release|Any CPU
		{C1F26CEB-A029-4196-8EA0-7CC23B8C49A5}.Release|Any CPU.Build.0 = Release|Any CPU
	EndGlobalSection
	GlobalSection(SolutionProperties) = preSolution
		HideSolutionNode = FALSE
	EndGlobalSection
	GlobalSection(ExtensibilityGlobals) = postSolution
		SolutionGuid = {82004966-3E19-4AB9-8C38-B96FAD16AD8F}
	EndGlobalSection
EndGlobal
